// !$*UTF8*$!
{
	archiveVersion = 1;
	classes = {
	};
	objectVersion = 56;
	objects = {

/* Begin PBXBuildFile section */
		81A1A52F2D0AC66900E40EE7 /* AppDelegate.m in Sources */ = {isa = PBXBuildFile; fileRef = 81A1A52E2D0AC66900E40EE7 /* AppDelegate.m */; };
		81A1A5322D0AC66900E40EE7 /* SceneDelegate.m in Sources */ = {isa = PBXBuildFile; fileRef = 81A1A5312D0AC66900E40EE7 /* SceneDelegate.m */; };
		81A1A5352D0AC66900E40EE7 /* ViewController.m in Sources */ = {isa = PBXBuildFile; fileRef = 81A1A5342D0AC66900E40EE7 /* ViewController.m */; };
		81A1A5382D0AC66900E40EE7 /* Main.storyboard in Resources */ = {isa = PBXBuildFile; fileRef = 81A1A5362D0AC66900E40EE7 /* Main.storyboard */; };
		81A1A53A2D0AC66A00E40EE7 /* Assets.xcassets in Resources */ = {isa = PBXBuildFile; fileRef = 81A1A5392D0AC66A00E40EE7 /* Assets.xcassets */; };
		81A1A53D2D0AC66A00E40EE7 /* LaunchScreen.storyboard in Resources */ = {isa = PBXBuildFile; fileRef = 81A1A53B2D0AC66A00E40EE7 /* LaunchScreen.storyboard */; };
		81A1A5402D0AC66A00E40EE7 /* main.m in Sources */ = {isa = PBXBuildFile; fileRef = 81A1A53F2D0AC66A00E40EE7 /* main.m */; };
		81A1A54A2D0ACFD500E40EE7 /* HZYPinYinFrameParser.m in Sources */ = {isa = PBXBuildFile; fileRef = 81A1A5492D0ACFD500E40EE7 /* HZYPinYinFrameParser.m */; };
		81A1A54D2D0AD07C00E40EE7 /* HZYPinYinTextData.m in Sources */ = {isa = PBXBuildFile; fileRef = 81A1A54C2D0AD07C00E40EE7 /* HZYPinYinTextData.m */; };
		81A1A5502D0AD11B00E40EE7 /* HZYPinYinTextView.m in Sources */ = {isa = PBXBuildFile; fileRef = 81A1A54F2D0AD11B00E40EE7 /* HZYPinYinTextView.m */; };
		81A1A5522D0AD2C400E40EE7 /* README.md in Resources */ = {isa = PBXBuildFile; fileRef = 81A1A5512D0AD2C400E40EE7 /* README.md */; };
		81A1A5552D0AD57800E40EE7 /* result.jpg in Resources */ = {isa = PBXBuildFile; fileRef = 81A1A5542D0AD57800E40EE7 /* result.jpg */; };
/* End PBXBuildFile section */

/* Begin PBXFileReference section */
		81A1A52A2D0AC66900E40EE7 /* AppleARKitIntroduce.app */ = {isa = PBXFileReference; explicitFileType = wrapper.application; includeInIndex = 0; path = AppleARKitIntroduce.app; sourceTree = BUILT_PRODUCTS_DIR; };
		81A1A52D2D0AC66900E40EE7 /* AppDelegate.h */ = {isa = PBXFileReference; lastKnownFileType = sourcecode.c.h; path = AppDelegate.h; sourceTree = "<group>"; };
		81A1A52E2D0AC66900E40EE7 /* AppDelegate.m */ = {isa = PBXFileReference; lastKnownFileType = sourcecode.c.objc; path = AppDelegate.m; sourceTree = "<group>"; };
		81A1A5302D0AC66900E40EE7 /* SceneDelegate.h */ = {isa = PBXFileReference; lastKnownFileType = sourcecode.c.h; path = SceneDelegate.h; sourceTree = "<group>"; };
		81A1A5312D0AC66900E40EE7 /* SceneDelegate.m */ = {isa = PBXFileReference; lastKnownFileType = sourcecode.c.objc; path = SceneDelegate.m; sourceTree = "<group>"; };
		81A1A5332D0AC66900E40EE7 /* ViewController.h */ = {isa = PBXFileReference; lastKnownFileType = sourcecode.c.h; path = ViewController.h; sourceTree = "<group>"; };
		81A1A5342D0AC66900E40EE7 /* ViewController.m */ = {isa = PBXFileReference; lastKnownFileType = sourcecode.c.objc; path = ViewController.m; sourceTree = "<group>"; };
		81A1A5372D0AC66900E40EE7 /* Base */ = {isa = PBXFileReference; lastKnownFileType = file.storyboard; name = Base; path = Base.lproj/Main.storyboard; sourceTree = "<group>"; };
		81A1A5392D0AC66A00E40EE7 /* Assets.xcassets */ = {isa = PBXFileReference; lastKnownFileType = folder.assetcatalog; path = Assets.xcassets; sourceTree = "<group>"; };
		81A1A53C2D0AC66A00E40EE7 /* Base */ = {isa = PBXFileReference; lastKnownFileType = file.storyboard; name = Base; path = Base.lproj/LaunchScreen.storyboard; sourceTree = "<group>"; };
		81A1A53E2D0AC66A00E40EE7 /* Info.plist */ = {isa = PBXFileReference; lastKnownFileType = text.plist.xml; path = Info.plist; sourceTree = "<group>"; };
		81A1A53F2D0AC66A00E40EE7 /* main.m */ = {isa = PBXFileReference; lastKnownFileType = sourcecode.c.objc; path = main.m; sourceTree = "<group>"; };
		81A1A5482D0ACFD500E40EE7 /* HZYPinYinFrameParser.h */ = {isa = PBXFileReference; lastKnownFileType = sourcecode.c.h; path = HZYPinYinFrameParser.h; sourceTree = "<group>"; };
		81A1A5492D0ACFD500E40EE7 /* HZYPinYinFrameParser.m */ = {isa = PBXFileReference; lastKnownFileType = sourcecode.c.objc; path = HZYPinYinFrameParser.m; sourceTree = "<group>"; };
		81A1A54B2D0AD07C00E40EE7 /* HZYPinYinTextData.h */ = {isa = PBXFileReference; lastKnownFileType = sourcecode.c.h; name = HZYPinYinTextData.h; path = AppleARKitIntroduce/HZYPinYinTextData.h; sourceTree = SOURCE_ROOT; };
		81A1A54C2D0AD07C00E40EE7 /* HZYPinYinTextData.m */ = {isa = PBXFileReference; lastKnownFileType = sourcecode.c.objc; name = HZYPinYinTextData.m; path = AppleARKitIntroduce/HZYPinYinTextData.m; sourceTree = SOURCE_ROOT; };
		81A1A54E2D0AD11B00E40EE7 /* HZYPinYinTextView.h */ = {isa = PBXFileReference; lastKnownFileType = sourcecode.c.h; path = HZYPinYinTextView.h; sourceTree = "<group>"; };
		81A1A54F2D0AD11B00E40EE7 /* HZYPinYinTextView.m */ = {isa = PBXFileReference; lastKnownFileType = sourcecode.c.objc; path = HZYPinYinTextView.m; sourceTree = "<group>"; };
		81A1A5512D0AD2C400E40EE7 /* README.md */ = {isa = PBXFileReference; fileEncoding = 4; lastKnownFileType = net.daringfireball.markdown; path = README.md; sourceTree = "<group>"; };
		81A1A5542D0AD57800E40EE7 /* result.jpg */ = {isa = PBXFileReference; lastKnownFileType = image.jpeg; path = result.jpg; sourceTree = "<group>"; };
/* End PBXFileReference section */

/* Begin PBXFrameworksBuildPhase section */
		81A1A5272D0AC66900E40EE7 /* Frameworks */ = {
			isa = PBXFrameworksBuildPhase;
			buildActionMask = 2147483647;
			files = (
			);
			runOnlyForDeploymentPostprocessing = 0;
		};
/* End PBXFrameworksBuildPhase section */

/* Begin PBXGroup section */
		81A1A5212D0AC66900E40EE7 = {
			isa = PBXGroup;
			children = (
				81A1A5532D0AD57800E40EE7 /* SourceImage */,
				81A1A5512D0AD2C400E40EE7 /* README.md */,
				81A1A52C2D0AC66900E40EE7 /* AppleARKitIntroduce */,
				81A1A52B2D0AC66900E40EE7 /* Products */,
			);
			sourceTree = "<group>";
		};
		81A1A52B2D0AC66900E40EE7 /* Products */ = {
			isa = PBXGroup;
			children = (
				81A1A52A2D0AC66900E40EE7 /* AppleARKitIntroduce.app */,
			);
			name = Products;
			sourceTree = "<group>";
		};
		81A1A52C2D0AC66900E40EE7 /* AppleARKitIntroduce */ = {
			isa = PBXGroup;
			children = (
				81A1A5472D0ACFAC00E40EE7 /* PinYinModel */,
				81A1A5462D0ACF9100E40EE7 /* PinYinView */,
				81A1A52D2D0AC66900E40EE7 /* AppDelegate.h */,
				81A1A52E2D0AC66900E40EE7 /* AppDelegate.m */,
				81A1A5302D0AC66900E40EE7 /* SceneDelegate.h */,
				81A1A5312D0AC66900E40EE7 /* SceneDelegate.m */,
				81A1A5332D0AC66900E40EE7 /* ViewController.h */,
				81A1A5342D0AC66900E40EE7 /* ViewController.m */,
				81A1A5362D0AC66900E40EE7 /* Main.storyboard */,
				81A1A5392D0AC66A00E40EE7 /* Assets.xcassets */,
				81A1A53B2D0AC66A00E40EE7 /* LaunchScreen.storyboard */,
				81A1A53E2D0AC66A00E40EE7 /* Info.plist */,
				81A1A53F2D0AC66A00E40EE7 /* main.m */,
			);
			path = AppleARKitIntroduce;
			sourceTree = "<group>";
		};
		81A1A5462D0ACF9100E40EE7 /* PinYinView */ = {
			isa = PBXGroup;
			children = (
				81A1A54E2D0AD11B00E40EE7 /* HZYPinYinTextView.h */,
				81A1A54F2D0AD11B00E40EE7 /* HZYPinYinTextView.m */,
			);
			path = PinYinView;
			sourceTree = "<group>";
		};
		81A1A5472D0ACFAC00E40EE7 /* PinYinModel */ = {
			isa = PBXGroup;
			children = (
				81A1A5482D0ACFD500E40EE7 /* HZYPinYinFrameParser.h */,
				81A1A5492D0ACFD500E40EE7 /* HZYPinYinFrameParser.m */,
				81A1A54B2D0AD07C00E40EE7 /* HZYPinYinTextData.h */,
				81A1A54C2D0AD07C00E40EE7 /* HZYPinYinTextData.m */,
			);
			path = PinYinModel;
			sourceTree = "<group>";
		};
		81A1A5532D0AD57800E40EE7 /* SourceImage */ = {
			isa = PBXGroup;
			children = (
				81A1A5542D0AD57800E40EE7 /* result.jpg */,
			);
			path = SourceImage;
			sourceTree = "<group>";
		};
/* End PBXGroup section */

/* Begin PBXNativeTarget section */
		81A1A5292D0AC66900E40EE7 /* AppleARKitIntroduce */ = {
			isa = PBXNativeTarget;
			buildConfigurationList = 81A1A5432D0AC66A00E40EE7 /* Build configuration list for PBXNativeTarget "AppleARKitIntroduce" */;
			buildPhases = (
				81A1A5262D0AC66900E40EE7 /* Sources */,
				81A1A5272D0AC66900E40EE7 /* Frameworks */,
				81A1A5282D0AC66900E40EE7 /* Resources */,
			);
			buildRules = (
			);
			dependencies = (
			);
			name = AppleARKitIntroduce;
			productName = AppleARKitIntroduce;
			productReference = 81A1A52A2D0AC66900E40EE7 /* AppleARKitIntroduce.app */;
			productType = "com.apple.product-type.application";
		};
/* End PBXNativeTarget section */

/* Begin PBXProject section */
		81A1A5222D0AC66900E40EE7 /* Project object */ = {
			isa = PBXProject;
			attributes = {
				BuildIndependentTargetsInParallel = 1;
				LastUpgradeCheck = 1520;
				TargetAttributes = {
					81A1A5292D0AC66900E40EE7 = {
						CreatedOnToolsVersion = 15.2;
					};
				};
			};
			buildConfigurationList = 81A1A5252D0AC66900E40EE7 /* Build configuration list for PBXProject "AppleARKitIntroduce" */;
			compatibilityVersion = "Xcode 14.0";
			developmentRegion = en;
			hasScannedForEncodings = 0;
			knownRegions = (
				en,
				Base,
			);
			mainGroup = 81A1A5212D0AC66900E40EE7;
			productRefGroup = 81A1A52B2D0AC66900E40EE7 /* Products */;
			projectDirPath = "";
			projectRoot = "";
			targets = (
				81A1A5292D0AC66900E40EE7 /* AppleARKitIntroduce */,
			);
		};
/* End PBXProject section */

/* Begin PBXResourcesBuildPhase section */
		81A1A5282D0AC66900E40EE7 /* Resources */ = {
			isa = PBXResourcesBuildPhase;
			buildActionMask = 2147483647;
			files = (
				81A1A53D2D0AC66A00E40EE7 /* LaunchScreen.storyboard in Resources */,
				81A1A53A2D0AC66A00E40EE7 /* Assets.xcassets in Resources */,
				81A1A5522D0AD2C400E40EE7 /* README.md in Resources */,
				81A1A5382D0AC66900E40EE7 /* Main.storyboard in Resources */,
				81A1A5552D0AD57800E40EE7 /* result.jpg in Resources */,
			);
			runOnlyForDeploymentPostprocessing = 0;
		};
/* End PBXResourcesBuildPhase section */

/* Begin PBXSourcesBuildPhase section */
		81A1A5262D0AC66900E40EE7 /* Sources */ = {
			isa = PBXSourcesBuildPhase;
			buildActionMask = 2147483647;
			files = (
				81A1A54A2D0ACFD500E40EE7 /* HZYPinYinFrameParser.m in Sources */,
				81A1A5352D0AC66900E40EE7 /* ViewController.m in Sources */,
				81A1A5502D0AD11B00E40EE7 /* HZYPinYinTextView.m in Sources */,
				81A1A52F2D0AC66900E40EE7 /* AppDelegate.m in Sources */,
				81A1A54D2D0AD07C00E40EE7 /* HZYPinYinTextData.m in Sources */,
				81A1A5402D0AC66A00E40EE7 /* main.m in Sources */,
				81A1A5322D0AC66900E40EE7 /* SceneDelegate.m in Sources */,
			);
			runOnlyForDeploymentPostprocessing = 0;
		};
/* End PBXSourcesBuildPhase section */

/* Begin PBXVariantGroup section */
		81A1A5362D0AC66900E40EE7 /* Main.storyboard */ = {
			isa = PBXVariantGroup;
			children = (
				81A1A5372D0AC66900E40EE7 /* Base */,
			);
			name = Main.storyboard;
			sourceTree = "<group>";
		};
		81A1A53B2D0AC66A00E40EE7 /* LaunchScreen.storyboard */ = {
			isa = PBXVariantGroup;
			children = (
				81A1A53C2D0AC66A00E40EE7 /* Base */,
			);
			name = LaunchScreen.storyboard;
			sourceTree = "<group>";
		};
/* End PBXVariantGroup section */

/* Begin XCBuildConfiguration section */
		81A1A5412D0AC66A00E40EE7 /* Debug */ = {
			isa = XCBuildConfiguration;
			buildSettings = {
				ALWAYS_SEARCH_USER_PATHS = NO;
				ASSETCATALOG_COMPILER_GENERATE_SWIFT_ASSET_SYMBOL_EXTENSIONS = YES;
				CLANG_ANALYZER_NONNULL = YES;
				CLANG_ANALYZER_NUMBER_OBJECT_CONVERSION = YES_AGGRESSIVE;
				CLANG_CXX_LANGUAGE_STANDARD = "gnu++20";
				CLANG_ENABLE_MODULES = YES;
				CLANG_ENABLE_OBJC_ARC = YES;
				CLANG_ENABLE_OBJC_WEAK = YES;
				CLANG_WARN_BLOCK_CAPTURE_AUTORELEASING = YES;
				CLANG_WARN_BOOL_CONVERSION = YES;
				CLANG_WARN_COMMA = YES;
				CLANG_WARN_CONSTANT_CONVERSION = YES;
				CLANG_WARN_DEPRECATED_OBJC_IMPLEMENTATIONS = YES;
				CLANG_WARN_DIRECT_OBJC_ISA_USAGE = YES_ERROR;
				CLANG_WARN_DOCUMENTATION_COMMENTS = YES;
				CLANG_WARN_EMPTY_BODY = YES;
				CLANG_WARN_ENUM_CONVERSION = YES;
				CLANG_WARN_INFINITE_RECURSION = YES;
				CLANG_WARN_INT_CONVERSION = YES;
				CLANG_WARN_NON_LITERAL_NULL_CONVERSION = YES;
				CLANG_WARN_OBJC_IMPLICIT_RETAIN_SELF = YES;
				CLANG_WARN_OBJC_LITERAL_CONVERSION = YES;
				CLANG_WARN_OBJC_ROOT_CLASS = YES_ERROR;
				CLANG_WARN_QUOTED_INCLUDE_IN_FRAMEWORK_HEADER = YES;
				CLANG_WARN_RANGE_LOOP_ANALYSIS = YES;
				CLANG_WARN_STRICT_PROTOTYPES = YES;
				CLANG_WARN_SUSPICIOUS_MOVE = YES;
				CLANG_WARN_UNGUARDED_AVAILABILITY = YES_AGGRESSIVE;
				CLANG_WARN_UNREACHABLE_CODE = YES;
				CLANG_WARN__DUPLICATE_METHOD_MATCH = YES;
				COPY_PHASE_STRIP = NO;
				DEBUG_INFORMATION_FORMAT = dwarf;
				ENABLE_STRICT_OBJC_MSGSEND = YES;
				ENABLE_TESTABILITY = YES;
				ENABLE_USER_SCRIPT_SANDBOXING = YES;
				GCC_C_LANGUAGE_STANDARD = gnu17;
				GCC_DYNAMIC_NO_PIC = NO;
				GCC_NO_COMMON_BLOCKS = YES;
				GCC_OPTIMIZATION_LEVEL = 0;
				GCC_PREPROCESSOR_DEFINITIONS = (
					"DEBUG=1",
					"$(inherited)",
				);
				GCC_WARN_64_TO_32_BIT_CONVERSION = YES;
				GCC_WARN_ABOUT_RETURN_TYPE = YES_ERROR;
				GCC_WARN_UNDECLARED_SELECTOR = YES;
				GCC_WARN_UNINITIALIZED_AUTOS = YES_AGGRESSIVE;
				GCC_WARN_UNUSED_FUNCTION = YES;
				GCC_WARN_UNUSED_VARIABLE = YES;
				IPHONEOS_DEPLOYMENT_TARGET = 17.2;
				LOCALIZATION_PREFERS_STRING_CATALOGS = YES;
				MTL_ENABLE_DEBUG_INFO = INCLUDE_SOURCE;
				MTL_FAST_MATH = YES;
				ONLY_ACTIVE_ARCH = YES;
				SDKROOT = iphoneos;
			};
			name = Debug;
		};
		81A1A5422D0AC66A00E40EE7 /* Release */ = {
			isa = XCBuildConfiguration;
			buildSettings = {
				ALWAYS_SEARCH_USER_PATHS = NO;
				ASSETCATALOG_COMPILER_GENERATE_SWIFT_ASSET_SYMBOL_EXTENSIONS = YES;
				CLANG_ANALYZER_NONNULL = YES;
				CLANG_ANALYZER_NUMBER_OBJECT_CONVERSION = YES_AGGRESSIVE;
				CLANG_CXX_LANGUAGE_STANDARD = "gnu++20";
				CLANG_ENABLE_MODULES = YES;
				CLANG_ENABLE_OBJC_ARC = YES;
				CLANG_ENABLE_OBJC_WEAK = YES;
				CLANG_WARN_BLOCK_CAPTURE_AUTORELEASING = YES;
				CLANG_WARN_BOOL_CONVERSION = YES;
				CLANG_WARN_COMMA = YES;
				CLANG_WARN_CONSTANT_CONVERSION = YES;
				CLANG_WARN_DEPRECATED_OBJC_IMPLEMENTATIONS = YES;
				CLANG_WARN_DIRECT_OBJC_ISA_USAGE = YES_ERROR;
				CLANG_WARN_DOCUMENTATION_COMMENTS = YES;
				CLANG_WARN_EMPTY_BODY = YES;
				CLANG_WARN_ENUM_CONVERSION = YES;
				CLANG_WARN_INFINITE_RECURSION = YES;
				CLANG_WARN_INT_CONVERSION = YES;
				CLANG_WARN_NON_LITERAL_NULL_CONVERSION = YES;
				CLANG_WARN_OBJC_IMPLICIT_RETAIN_SELF = YES;
				CLANG_WARN_OBJC_LITERAL_CONVERSION = YES;
				CLANG_WARN_OBJC_ROOT_CLASS = YES_ERROR;
				CLANG_WARN_QUOTED_INCLUDE_IN_FRAMEWORK_HEADER = YES;
				CLANG_WARN_RANGE_LOOP_ANALYSIS = YES;
				CLANG_WARN_STRICT_PROTOTYPES = YES;
				CLANG_WARN_SUSPICIOUS_MOVE = YES;
				CLANG_WARN_UNGUARDED_AVAILABILITY = YES_AGGRESSIVE;
				CLANG_WARN_UNREACHABLE_CODE = YES;
				CLANG_WARN__DUPLICATE_METHOD_MATCH = YES;
				COPY_PHASE_STRIP = NO;
				DEBUG_INFORMATION_FORMAT = "dwarf-with-dsym";
				ENABLE_NS_ASSERTIONS = NO;
				ENABLE_STRICT_OBJC_MSGSEND = YES;
				ENABLE_USER_SCRIPT_SANDBOXING = YES;
				GCC_C_LANGUAGE_STANDARD = gnu17;
				GCC_NO_COMMON_BLOCKS = YES;
				GCC_WARN_64_TO_32_BIT_CONVERSION = YES;
				GCC_WARN_ABOUT_RETURN_TYPE = YES_ERROR;
				GCC_WARN_UNDECLARED_SELECTOR = YES;
				GCC_WARN_UNINITIALIZED_AUTOS = YES_AGGRESSIVE;
				GCC_WARN_UNUSED_FUNCTION = YES;
				GCC_WARN_UNUSED_VARIABLE = YES;
				IPHONEOS_DEPLOYMENT_TARGET = 17.2;
				LOCALIZATION_PREFERS_STRING_CATALOGS = YES;
				MTL_ENABLE_DEBUG_INFO = NO;
				MTL_FAST_MATH = YES;
				SDKROOT = iphoneos;
				VALIDATE_PRODUCT = YES;
			};
			name = Release;
		};
		81A1A5442D0AC66A00E40EE7 /* Debug */ = {
			isa = XCBuildConfiguration;
			buildSettings = {
				ASSETCATALOG_COMPILER_APPICON_NAME = AppIcon;
				ASSETCATALOG_COMPILER_GLOBAL_ACCENT_COLOR_NAME = AccentColor;
				CODE_SIGN_STYLE = Automatic;
				CURRENT_PROJECT_VERSION = 1;
				DEVELOPMENT_TEAM = N6S7VM347S;
				GENERATE_INFOPLIST_FILE = YES;
				INFOPLIST_FILE = AppleARKitIntroduce/Info.plist;
				INFOPLIST_KEY_UIApplicationSupportsIndirectInputEvents = YES;
				INFOPLIST_KEY_UILaunchStoryboardName = LaunchScreen;
				INFOPLIST_KEY_UIMainStoryboardFile = Main;
				INFOPLIST_KEY_UISupportedInterfaceOrientations_iPad = "UIInterfaceOrientationPortrait UIInterfaceOrientationPortraitUpsideDown UIInterfaceOrientationLandscapeLeft UIInterfaceOrientationLandscapeRight";
				INFOPLIST_KEY_UISupportedInterfaceOrientations_iPhone = "UIInterfaceOrientationPortrait UIInterfaceOrientationLandscapeLeft UIInterfaceOrientationLandscapeRight";
				LD_RUNPATH_SEARCH_PATHS = (
					"$(inherited)",
					"@executable_path/Frameworks",
				);
				MARKETING_VERSION = 1.0;
				PRODUCT_BUNDLE_IDENTIFIER = com.fenbi.AppleARKitIntroduce;
				PRODUCT_NAME = "$(TARGET_NAME)";
				SWIFT_EMIT_LOC_STRINGS = YES;
				TARGETED_DEVICE_FAMILY = "1,2";
			};
			name = Debug;
		};
		81A1A5452D0AC66A00E40EE7 /* Release */ = {
			isa = XCBuildConfiguration;
			buildSettings = {
				ASSETCATALOG_COMPILER_APPICON_NAME = AppIcon;
				ASSETCATALOG_COMPILER_GLOBAL_ACCENT_COLOR_NAME = AccentColor;
				CODE_SIGN_STYLE = Automatic;
				CURRENT_PROJECT_VERSION = 1;
				DEVELOPMENT_TEAM = N6S7VM347S;
				GENERATE_INFOPLIST_FILE = YES;
				INFOPLIST_FILE = AppleARKitIntroduce/Info.plist;
				INFOPLIST_KEY_UIApplicationSupportsIndirectInputEvents = YES;
				INFOPLIST_KEY_UILaunchStoryboardName = LaunchScreen;
				INFOPLIST_KEY_UIMainStoryboardFile = Main;
				INFOPLIST_KEY_UISupportedInterfaceOrientations_iPad = "UIInterfaceOrientationPortrait UIInterfaceOrientationPortraitUpsideDown UIInterfaceOrientationLandscapeLeft UIInterfaceOrientationLandscapeRight";
				INFOPLIST_KEY_UISupportedInterfaceOrientations_iPhone = "UIInterfaceOrientationPortrait UIInterfaceOrientationLandscapeLeft UIInterfaceOrientationLandscapeRight";
				LD_RUNPATH_SEARCH_PATHS = (
					"$(inherited)",
					"@executable_path/Frameworks",
				);
				MARKETING_VERSION = 1.0;
				PRODUCT_BUNDLE_IDENTIFIER = com.fenbi.AppleARKitIntroduce;
				PRODUCT_NAME = "$(TARGET_NAME)";
				SWIFT_EMIT_LOC_STRINGS = YES;
				TARGETED_DEVICE_FAMILY = "1,2";
			};
			name = Release;
		};
/* End XCBuildConfiguration section */

/* Begin XCConfigurationList section */
		81A1A5252D0AC66900E40EE7 /* Build configuration list for PBXProject "AppleARKitIntroduce" */ = {
			isa = XCConfigurationList;
			buildConfigurations = (
				81A1A5412D0AC66A00E40EE7 /* Debug */,
				81A1A5422D0AC66A00E40EE7 /* Release */,
			);
			defaultConfigurationIsVisible = 0;
			defaultConfigurationName = Release;
		};
		81A1A5432D0AC66A00E40EE7 /* Build configuration list for PBXNativeTarget "AppleARKitIntroduce" */ = {
			isa = XCConfigurationList;
			buildConfigurations = (
				81A1A5442D0AC66A00E40EE7 /* Debug */,
				81A1A5452D0AC66A00E40EE7 /* Release */,
			);
			defaultConfigurationIsVisible = 0;
			defaultConfigurationName = Release;
		};
/* End XCConfigurationList section */
	};
	rootObject = 81A1A5222D0AC66900E40EE7 /* Project object */;
}
